{
    "name": "whet",
    "version": "0.0.1",
    "lockfileVersion": 2,
    "requires": true,
    "packages": {
        "": {
            "name": "whet",
            "version": "0.0.1",
            "license": "MIT",
            "bin": {
                "whet": "bin/whet.js"
            },
            "devDependencies": {
                "@vercel/ncc": "^0.33.1",
                "lix": "^15.11.6"
            }
        },
        "node_modules/@vercel/ncc": {
            "version": "0.33.1",
            "resolved": "https://registry.npmjs.org/@vercel/ncc/-/ncc-0.33.1.tgz",
            "integrity": "sha512-Mlsps/P0PLZwsCFtSol23FGqT3FhBGb4B1AuGQ52JTAtXhak+b0Fh/4T55r0/SVQPeRiX9pNItOEHwakGPmZYA==",
            "dev": true,
            "bin": {
                "ncc": "dist/ncc/cli.js"
            }
        },
        "node_modules/lix": {
            "version": "15.11.6",
            "resolved": "https://registry.npmjs.org/lix/-/lix-15.11.6.tgz",
            "integrity": "sha512-JyD3/sCeYz07HqUgyeTj6n6SfuVmUFBA0+0Q6PhoqN9bD3blUrfJ1XcX9VOhaUlH4qIbHe+NygK+fNvi+o4pEA==",
            "dev": true,
            "hasInstallScript": true,
            "bin": {
                "haxe": "bin/haxeshim.js",
                "haxelib": "bin/haxelibshim.js",
                "lix": "bin/lix.js",
                "neko": "bin/nekoshim.js"
            }
        }
    },
    "dependencies": {
        "@vercel/ncc": {
            "version": "0.33.1",
            "resolved": "https://registry.npmjs.org/@vercel/ncc/-/ncc-0.33.1.tgz",
            "integrity": "sha512-Mlsps/P0PLZwsCFtSol23FGqT3FhBGb4B1AuGQ52JTAtXhak+b0Fh/4T55r0/SVQPeRiX9pNItOEHwakGPmZYA==",
            "dev": true
        },
        "lix": {
            "version": "15.11.6",
            "resolved": "https://registry.npmjs.org/lix/-/lix-15.11.6.tgz",
            "integrity": "sha512-JyD3/sCeYz07HqUgyeTj6n6SfuVmUFBA0+0Q6PhoqN9bD3blUrfJ1XcX9VOhaUlH4qIbHe+NygK+fNvi+o4pEA==",
            "dev": true
        }
    }
}
